// !$*UTF8*$!
{
	archiveVersion = 1;
	classes = {
	};
	objectVersion = 56;
	objects = {

/* Begin PBXBuildFile section */
		570AEA1929B39CF000C62431 /* RootView.swift in Sources */ = {isa = PBXBuildFile; fileRef = 570AEA1829B39CF000C62431 /* RootView.swift */; };
		570F32EE29B145E200FB160F /* LoginSigninView.swift in Sources */ = {isa = PBXBuildFile; fileRef = 570F32ED29B145E200FB160F /* LoginSigninView.swift */; };
		5735D3EE29B2873200922161 /* Recipe.swift in Sources */ = {isa = PBXBuildFile; fileRef = 5735D3ED29B2873200922161 /* Recipe.swift */; };
		5735D3F029B288F500922161 /* ContentView.swift in Sources */ = {isa = PBXBuildFile; fileRef = 5735D3EF29B288F500922161 /* ContentView.swift */; };
		5735D3F329B28AC600922161 /* FirebaseAuth in Frameworks */ = {isa = PBXBuildFile; productRef = 5735D3F229B28AC600922161 /* FirebaseAuth */; };
		5735D3F529B28AC600922161 /* FirebaseFirestore in Frameworks */ = {isa = PBXBuildFile; productRef = 5735D3F429B28AC600922161 /* FirebaseFirestore */; };
		5768A48D29B343AA006506F9 /* GoogleService-Info.plist in Resources */ = {isa = PBXBuildFile; fileRef = 5768A48C29B343AA006506F9 /* GoogleService-Info.plist */; };
		5776C7B8299EA3FA00F6E989 /* ProyectoApp.swift in Sources */ = {isa = PBXBuildFile; fileRef = 5776C7B7299EA3FA00F6E989 /* ProyectoApp.swift */; };
		5776C7BC299EA3FD00F6E989 /* Assets.xcassets in Resources */ = {isa = PBXBuildFile; fileRef = 5776C7BB299EA3FD00F6E989 /* Assets.xcassets */; };
		5776C7BF299EA3FD00F6E989 /* Preview Assets.xcassets in Resources */ = {isa = PBXBuildFile; fileRef = 5776C7BE299EA3FD00F6E989 /* Preview Assets.xcassets */; };
		5796425F29B14CD80063C628 /* SavedRecipesView.swift in Sources */ = {isa = PBXBuildFile; fileRef = 5796425E29B14CD80063C628 /* SavedRecipesView.swift */; };
		5796426129B151060063C628 /* SavedIngredientsView.swift in Sources */ = {isa = PBXBuildFile; fileRef = 5796426029B151060063C628 /* SavedIngredientsView.swift */; };
		57A0D80129B28C3800579FC3 /* FirebaseManager.swift in Sources */ = {isa = PBXBuildFile; fileRef = 57A0D80029B28C3800579FC3 /* FirebaseManager.swift */; };
		57C05D9C29B29407002E3A2E /* HomeView.swift in Sources */ = {isa = PBXBuildFile; fileRef = 57C05D9B29B29406002E3A2E /* HomeView.swift */; };
		57EFFB1929B3698E009C7BCF /* UserView.swift in Sources */ = {isa = PBXBuildFile; fileRef = 57EFFB1829B3698E009C7BCF /* UserView.swift */; };
		57EFFB1D29B36B5D009C7BCF /* User.swift in Sources */ = {isa = PBXBuildFile; fileRef = 57EFFB1C29B36B5D009C7BCF /* User.swift */; };
/* End PBXBuildFile section */

/* Begin PBXFileReference section */
		570AEA1829B39CF000C62431 /* RootView.swift */ = {isa = PBXFileReference; lastKnownFileType = sourcecode.swift; path = RootView.swift; sourceTree = "<group>"; };
		570F32ED29B145E200FB160F /* LoginSigninView.swift */ = {isa = PBXFileReference; lastKnownFileType = sourcecode.swift; path = LoginSigninView.swift; sourceTree = "<group>"; };
		5735D3ED29B2873200922161 /* Recipe.swift */ = {isa = PBXFileReference; lastKnownFileType = sourcecode.swift; path = Recipe.swift; sourceTree = "<group>"; };
		5735D3EF29B288F500922161 /* ContentView.swift */ = {isa = PBXFileReference; lastKnownFileType = sourcecode.swift; path = ContentView.swift; sourceTree = "<group>"; };
		5768A48C29B343AA006506F9 /* GoogleService-Info.plist */ = {isa = PBXFileReference; fileEncoding = 4; lastKnownFileType = text.plist.xml; path = "GoogleService-Info.plist"; sourceTree = "<group>"; };
		5776C7B4299EA3FA00F6E989 /* Proyecto.app */ = {isa = PBXFileReference; explicitFileType = wrapper.application; includeInIndex = 0; path = Proyecto.app; sourceTree = BUILT_PRODUCTS_DIR; };
		5776C7B7299EA3FA00F6E989 /* ProyectoApp.swift */ = {isa = PBXFileReference; lastKnownFileType = sourcecode.swift; path = ProyectoApp.swift; sourceTree = "<group>"; };
		5776C7BB299EA3FD00F6E989 /* Assets.xcassets */ = {isa = PBXFileReference; lastKnownFileType = folder.assetcatalog; path = Assets.xcassets; sourceTree = "<group>"; };
		5776C7BE299EA3FD00F6E989 /* Preview Assets.xcassets */ = {isa = PBXFileReference; lastKnownFileType = folder.assetcatalog; path = "Preview Assets.xcassets"; sourceTree = "<group>"; };
		5796425E29B14CD80063C628 /* SavedRecipesView.swift */ = {isa = PBXFileReference; lastKnownFileType = sourcecode.swift; path = SavedRecipesView.swift; sourceTree = "<group>"; };
		5796426029B151060063C628 /* SavedIngredientsView.swift */ = {isa = PBXFileReference; lastKnownFileType = sourcecode.swift; path = SavedIngredientsView.swift; sourceTree = "<group>"; };
		57A0D80029B28C3800579FC3 /* FirebaseManager.swift */ = {isa = PBXFileReference; lastKnownFileType = sourcecode.swift; path = FirebaseManager.swift; sourceTree = "<group>"; };
		57C05D9B29B29406002E3A2E /* HomeView.swift */ = {isa = PBXFileReference; lastKnownFileType = sourcecode.swift; path = HomeView.swift; sourceTree = "<group>"; };
		57EFFB1829B3698E009C7BCF /* UserView.swift */ = {isa = PBXFileReference; lastKnownFileType = sourcecode.swift; path = UserView.swift; sourceTree = "<group>"; };
		57EFFB1C29B36B5D009C7BCF /* User.swift */ = {isa = PBXFileReference; lastKnownFileType = sourcecode.swift; path = User.swift; sourceTree = "<group>"; };
/* End PBXFileReference section */

/* Begin PBXFrameworksBuildPhase section */
		5776C7B1299EA3FA00F6E989 /* Frameworks */ = {
			isa = PBXFrameworksBuildPhase;
			buildActionMask = 2147483647;
			files = (
				5735D3F329B28AC600922161 /* FirebaseAuth in Frameworks */,
				5735D3F529B28AC600922161 /* FirebaseFirestore in Frameworks */,
			);
			runOnlyForDeploymentPostprocessing = 0;
		};
/* End PBXFrameworksBuildPhase section */

/* Begin PBXGroup section */
		570F32EC29B145B700FB160F /* Views */ = {
			isa = PBXGroup;
			children = (
				570F32ED29B145E200FB160F /* LoginSigninView.swift */,
				5796425E29B14CD80063C628 /* SavedRecipesView.swift */,
				5796426029B151060063C628 /* SavedIngredientsView.swift */,
				57C05D9B29B29406002E3A2E /* HomeView.swift */,
				57EFFB1829B3698E009C7BCF /* UserView.swift */,
				570AEA1829B39CF000C62431 /* RootView.swift */,
			);
			path = Views;
			sourceTree = "<group>";
		};
		5735D3EA29B2870600922161 /* Classes */ = {
			isa = PBXGroup;
			children = (
				5735D3ED29B2873200922161 /* Recipe.swift */,
				57EFFB1C29B36B5D009C7BCF /* User.swift */,
			);
			path = Classes;
			sourceTree = "<group>";
		};
		5776C7AB299EA3FA00F6E989 = {
			isa = PBXGroup;
			children = (
				5776C7B6299EA3FA00F6E989 /* Proyecto */,
				5776C7B5299EA3FA00F6E989 /* Products */,
			);
			sourceTree = "<group>";
		};
		5776C7B5299EA3FA00F6E989 /* Products */ = {
			isa = PBXGroup;
			children = (
				5776C7B4299EA3FA00F6E989 /* Proyecto.app */,
			);
			name = Products;
			sourceTree = "<group>";
		};
		5776C7B6299EA3FA00F6E989 /* Proyecto */ = {
			isa = PBXGroup;
			children = (
				57A0D7FF29B28BDF00579FC3 /* Controller */,
				5735D3EA29B2870600922161 /* Classes */,
				570F32EC29B145B700FB160F /* Views */,
				5776C7B7299EA3FA00F6E989 /* ProyectoApp.swift */,
				5735D3EF29B288F500922161 /* ContentView.swift */,
				5768A48C29B343AA006506F9 /* GoogleService-Info.plist */,
				5776C7BB299EA3FD00F6E989 /* Assets.xcassets */,
				5776C7BD299EA3FD00F6E989 /* Preview Content */,
			);
			path = Proyecto;
			sourceTree = "<group>";
		};
		5776C7BD299EA3FD00F6E989 /* Preview Content */ = {
			isa = PBXGroup;
			children = (
				5776C7BE299EA3FD00F6E989 /* Preview Assets.xcassets */,
			);
			path = "Preview Content";
			sourceTree = "<group>";
		};
		57A0D7FF29B28BDF00579FC3 /* Controller */ = {
			isa = PBXGroup;
			children = (
				57A0D80029B28C3800579FC3 /* FirebaseManager.swift */,
			);
			path = Controller;
			sourceTree = "<group>";
		};
/* End PBXGroup section */

/* Begin PBXNativeTarget section */
		5776C7B3299EA3FA00F6E989 /* Proyecto */ = {
			isa = PBXNativeTarget;
			buildConfigurationList = 5776C7C2299EA3FD00F6E989 /* Build configuration list for PBXNativeTarget "Proyecto" */;
			buildPhases = (
				5776C7B0299EA3FA00F6E989 /* Sources */,
				5776C7B1299EA3FA00F6E989 /* Frameworks */,
				5776C7B2299EA3FA00F6E989 /* Resources */,
			);
			buildRules = (
			);
			dependencies = (
			);
			name = Proyecto;
			packageProductDependencies = (
				5735D3F229B28AC600922161 /* FirebaseAuth */,
				5735D3F429B28AC600922161 /* FirebaseFirestore */,
			);
			productName = Proyecto;
			productReference = 5776C7B4299EA3FA00F6E989 /* Proyecto.app */;
			productType = "com.apple.product-type.application";
		};
/* End PBXNativeTarget section */

/* Begin PBXProject section */
		5776C7AC299EA3FA00F6E989 /* Project object */ = {
			isa = PBXProject;
			attributes = {
				BuildIndependentTargetsInParallel = 1;
				LastSwiftUpdateCheck = 1420;
				LastUpgradeCheck = 1420;
				TargetAttributes = {
					5776C7B3299EA3FA00F6E989 = {
						CreatedOnToolsVersion = 14.2;
					};
				};
			};
			buildConfigurationList = 5776C7AF299EA3FA00F6E989 /* Build configuration list for PBXProject "Proyecto" */;
			compatibilityVersion = "Xcode 14.0";
			developmentRegion = en;
			hasScannedForEncodings = 0;
			knownRegions = (
				en,
				Base,
			);
			mainGroup = 5776C7AB299EA3FA00F6E989;
			packageReferences = (
				5735D3F129B28AC600922161 /* XCRemoteSwiftPackageReference "firebase-ios-sdk" */,
			);
			productRefGroup = 5776C7B5299EA3FA00F6E989 /* Products */;
			projectDirPath = "";
			projectRoot = "";
			targets = (
				5776C7B3299EA3FA00F6E989 /* Proyecto */,
			);
		};
/* End PBXProject section */

/* Begin PBXResourcesBuildPhase section */
		5776C7B2299EA3FA00F6E989 /* Resources */ = {
			isa = PBXResourcesBuildPhase;
			buildActionMask = 2147483647;
			files = (
				5776C7BF299EA3FD00F6E989 /* Preview Assets.xcassets in Resources */,
				5776C7BC299EA3FD00F6E989 /* Assets.xcassets in Resources */,
				5768A48D29B343AA006506F9 /* GoogleService-Info.plist in Resources */,
			);
			runOnlyForDeploymentPostprocessing = 0;
		};
/* End PBXResourcesBuildPhase section */

/* Begin PBXSourcesBuildPhase section */
		5776C7B0299EA3FA00F6E989 /* Sources */ = {
			isa = PBXSourcesBuildPhase;
			buildActionMask = 2147483647;
			files = (
				57C05D9C29B29407002E3A2E /* HomeView.swift in Sources */,
				5796425F29B14CD80063C628 /* SavedRecipesView.swift in Sources */,
				5776C7B8299EA3FA00F6E989 /* ProyectoApp.swift in Sources */,
				5735D3F029B288F500922161 /* ContentView.swift in Sources */,
				570F32EE29B145E200FB160F /* LoginSigninView.swift in Sources */,
				57A0D80129B28C3800579FC3 /* FirebaseManager.swift in Sources */,
				5735D3EE29B2873200922161 /* Recipe.swift in Sources */,
				57EFFB1929B3698E009C7BCF /* UserView.swift in Sources */,
				57EFFB1D29B36B5D009C7BCF /* User.swift in Sources */,
				5796426129B151060063C628 /* SavedIngredientsView.swift in Sources */,
				570AEA1929B39CF000C62431 /* RootView.swift in Sources */,
			);
			runOnlyForDeploymentPostprocessing = 0;
		};
/* End PBXSourcesBuildPhase section */

/* Begin XCBuildConfiguration section */
		5776C7C0299EA3FD00F6E989 /* Debug */ = {
			isa = XCBuildConfiguration;
			buildSettings = {
				ALWAYS_SEARCH_USER_PATHS = NO;
				CLANG_ANALYZER_NONNULL = YES;
				CLANG_ANALYZER_NUMBER_OBJECT_CONVERSION = YES_AGGRESSIVE;
				CLANG_CXX_LANGUAGE_STANDARD = "gnu++20";
				CLANG_ENABLE_MODULES = YES;
				CLANG_ENABLE_OBJC_ARC = YES;
				CLANG_ENABLE_OBJC_WEAK = YES;
				CLANG_WARN_BLOCK_CAPTURE_AUTORELEASING = YES;
				CLANG_WARN_BOOL_CONVERSION = YES;
				CLANG_WARN_COMMA = YES;
				CLANG_WARN_CONSTANT_CONVERSION = YES;
				CLANG_WARN_DEPRECATED_OBJC_IMPLEMENTATIONS = YES;
				CLANG_WARN_DIRECT_OBJC_ISA_USAGE = YES_ERROR;
				CLANG_WARN_DOCUMENTATION_COMMENTS = YES;
				CLANG_WARN_EMPTY_BODY = YES;
				CLANG_WARN_ENUM_CONVERSION = YES;
				CLANG_WARN_INFINITE_RECURSION = YES;
				CLANG_WARN_INT_CONVERSION = YES;
				CLANG_WARN_NON_LITERAL_NULL_CONVERSION = YES;
				CLANG_WARN_OBJC_IMPLICIT_RETAIN_SELF = YES;
				CLANG_WARN_OBJC_LITERAL_CONVERSION = YES;
				CLANG_WARN_OBJC_ROOT_CLASS = YES_ERROR;
				CLANG_WARN_QUOTED_INCLUDE_IN_FRAMEWORK_HEADER = YES;
				CLANG_WARN_RANGE_LOOP_ANALYSIS = YES;
				CLANG_WARN_STRICT_PROTOTYPES = YES;
				CLANG_WARN_SUSPICIOUS_MOVE = YES;
				CLANG_WARN_UNGUARDED_AVAILABILITY = YES_AGGRESSIVE;
				CLANG_WARN_UNREACHABLE_CODE = YES;
				CLANG_WARN__DUPLICATE_METHOD_MATCH = YES;
				COPY_PHASE_STRIP = NO;
				DEBUG_INFORMATION_FORMAT = dwarf;
				ENABLE_STRICT_OBJC_MSGSEND = YES;
				ENABLE_TESTABILITY = YES;
				GCC_C_LANGUAGE_STANDARD = gnu11;
				GCC_DYNAMIC_NO_PIC = NO;
				GCC_NO_COMMON_BLOCKS = YES;
				GCC_OPTIMIZATION_LEVEL = 0;
				GCC_PREPROCESSOR_DEFINITIONS = (
					"DEBUG=1",
					"$(inherited)",
				);
				GCC_WARN_64_TO_32_BIT_CONVERSION = YES;
				GCC_WARN_ABOUT_RETURN_TYPE = YES_ERROR;
				GCC_WARN_UNDECLARED_SELECTOR = YES;
				GCC_WARN_UNINITIALIZED_AUTOS = YES_AGGRESSIVE;
				GCC_WARN_UNUSED_FUNCTION = YES;
				GCC_WARN_UNUSED_VARIABLE = YES;
				IPHONEOS_DEPLOYMENT_TARGET = 16.2;
				MTL_ENABLE_DEBUG_INFO = INCLUDE_SOURCE;
				MTL_FAST_MATH = YES;
				ONLY_ACTIVE_ARCH = YES;
				SDKROOT = iphoneos;
				SWIFT_ACTIVE_COMPILATION_CONDITIONS = DEBUG;
				SWIFT_OPTIMIZATION_LEVEL = "-Onone";
			};
			name = Debug;
		};
		5776C7C1299EA3FD00F6E989 /* Release */ = {
			isa = XCBuildConfiguration;
			buildSettings = {
				ALWAYS_SEARCH_USER_PATHS = NO;
				CLANG_ANALYZER_NONNULL = YES;
				CLANG_ANALYZER_NUMBER_OBJECT_CONVERSION = YES_AGGRESSIVE;
				CLANG_CXX_LANGUAGE_STANDARD = "gnu++20";
				CLANG_ENABLE_MODULES = YES;
				CLANG_ENABLE_OBJC_ARC = YES;
				CLANG_ENABLE_OBJC_WEAK = YES;
				CLANG_WARN_BLOCK_CAPTURE_AUTORELEASING = YES;
				CLANG_WARN_BOOL_CONVERSION = YES;
				CLANG_WARN_COMMA = YES;
				CLANG_WARN_CONSTANT_CONVERSION = YES;
				CLANG_WARN_DEPRECATED_OBJC_IMPLEMENTATIONS = YES;
				CLANG_WARN_DIRECT_OBJC_ISA_USAGE = YES_ERROR;
				CLANG_WARN_DOCUMENTATION_COMMENTS = YES;
				CLANG_WARN_EMPTY_BODY = YES;
				CLANG_WARN_ENUM_CONVERSION = YES;
				CLANG_WARN_INFINITE_RECURSION = YES;
				CLANG_WARN_INT_CONVERSION = YES;
				CLANG_WARN_NON_LITERAL_NULL_CONVERSION = YES;
				CLANG_WARN_OBJC_IMPLICIT_RETAIN_SELF = YES;
				CLANG_WARN_OBJC_LITERAL_CONVERSION = YES;
				CLANG_WARN_OBJC_ROOT_CLASS = YES_ERROR;
				CLANG_WARN_QUOTED_INCLUDE_IN_FRAMEWORK_HEADER = YES;
				CLANG_WARN_RANGE_LOOP_ANALYSIS = YES;
				CLANG_WARN_STRICT_PROTOTYPES = YES;
				CLANG_WARN_SUSPICIOUS_MOVE = YES;
				CLANG_WARN_UNGUARDED_AVAILABILITY = YES_AGGRESSIVE;
				CLANG_WARN_UNREACHABLE_CODE = YES;
				CLANG_WARN__DUPLICATE_METHOD_MATCH = YES;
				COPY_PHASE_STRIP = NO;
				DEBUG_INFORMATION_FORMAT = "dwarf-with-dsym";
				ENABLE_NS_ASSERTIONS = NO;
				ENABLE_STRICT_OBJC_MSGSEND = YES;
				GCC_C_LANGUAGE_STANDARD = gnu11;
				GCC_NO_COMMON_BLOCKS = YES;
				GCC_WARN_64_TO_32_BIT_CONVERSION = YES;
				GCC_WARN_ABOUT_RETURN_TYPE = YES_ERROR;
				GCC_WARN_UNDECLARED_SELECTOR = YES;
				GCC_WARN_UNINITIALIZED_AUTOS = YES_AGGRESSIVE;
				GCC_WARN_UNUSED_FUNCTION = YES;
				GCC_WARN_UNUSED_VARIABLE = YES;
				IPHONEOS_DEPLOYMENT_TARGET = 16.2;
				MTL_ENABLE_DEBUG_INFO = NO;
				MTL_FAST_MATH = YES;
				SDKROOT = iphoneos;
				SWIFT_COMPILATION_MODE = wholemodule;
				SWIFT_OPTIMIZATION_LEVEL = "-O";
				VALIDATE_PRODUCT = YES;
			};
			name = Release;
		};
		5776C7C3299EA3FD00F6E989 /* Debug */ = {
			isa = XCBuildConfiguration;
			buildSettings = {
				ASSETCATALOG_COMPILER_APPICON_NAME = AppIcon;
				ASSETCATALOG_COMPILER_GLOBAL_ACCENT_COLOR_NAME = AccentColor;
				CODE_SIGN_STYLE = Automatic;
				CURRENT_PROJECT_VERSION = 1;
				DEVELOPMENT_ASSET_PATHS = "\"Proyecto/Preview Content\"";
				ENABLE_PREVIEWS = YES;
				GENERATE_INFOPLIST_FILE = YES;
				HEADER_SEARCH_PATHS = "$(SRCROOT)/Proyecto/Models/**";
				INFOPLIST_KEY_UIApplicationSceneManifest_Generation = YES;
				INFOPLIST_KEY_UIApplicationSupportsIndirectInputEvents = YES;
				INFOPLIST_KEY_UILaunchScreen_Generation = YES;
				INFOPLIST_KEY_UISupportedInterfaceOrientations_iPad = "UIInterfaceOrientationPortrait UIInterfaceOrientationPortraitUpsideDown UIInterfaceOrientationLandscapeLeft UIInterfaceOrientationLandscapeRight";
				INFOPLIST_KEY_UISupportedInterfaceOrientations_iPhone = "UIInterfaceOrientationPortrait UIInterfaceOrientationLandscapeLeft UIInterfaceOrientationLandscapeRight";
				LD_RUNPATH_SEARCH_PATHS = (
					"$(inherited)",
					"@executable_path/Frameworks",
				);
				MARKETING_VERSION = 1.0;
				PRODUCT_BUNDLE_IDENTIFIER = mmmmm.Proyecto;
				PRODUCT_NAME = "$(TARGET_NAME)";
				SWIFT_EMIT_LOC_STRINGS = YES;
				SWIFT_VERSION = 5.0;
				TARGETED_DEVICE_FAMILY = "1,2";
			};
			name = Debug;
		};
		5776C7C4299EA3FD00F6E989 /* Release */ = {
			isa = XCBuildConfiguration;
			buildSettings = {
				ASSETCATALOG_COMPILER_APPICON_NAME = AppIcon;
				ASSETCATALOG_COMPILER_GLOBAL_ACCENT_COLOR_NAME = AccentColor;
				CODE_SIGN_STYLE = Automatic;
				CURRENT_PROJECT_VERSION = 1;
				DEVELOPMENT_ASSET_PATHS = "\"Proyecto/Preview Content\"";
				ENABLE_PREVIEWS = YES;
				GENERATE_INFOPLIST_FILE = YES;
				HEADER_SEARCH_PATHS = "$(SRCROOT)/Proyecto/Models/**";
				INFOPLIST_KEY_UIApplicationSceneManifest_Generation = YES;
				INFOPLIST_KEY_UIApplicationSupportsIndirectInputEvents = YES;
				INFOPLIST_KEY_UILaunchScreen_Generation = YES;
				INFOPLIST_KEY_UISupportedInterfaceOrientations_iPad = "UIInterfaceOrientationPortrait UIInterfaceOrientationPortraitUpsideDown UIInterfaceOrientationLandscapeLeft UIInterfaceOrientationLandscapeRight";
				INFOPLIST_KEY_UISupportedInterfaceOrientations_iPhone = "UIInterfaceOrientationPortrait UIInterfaceOrientationLandscapeLeft UIInterfaceOrientationLandscapeRight";
				LD_RUNPATH_SEARCH_PATHS = (
					"$(inherited)",
					"@executable_path/Frameworks",
				);
				MARKETING_VERSION = 1.0;
				PRODUCT_BUNDLE_IDENTIFIER = mmmmm.Proyecto;
				PRODUCT_NAME = "$(TARGET_NAME)";
				SWIFT_EMIT_LOC_STRINGS = YES;
				SWIFT_VERSION = 5.0;
				TARGETED_DEVICE_FAMILY = "1,2";
			};
			name = Release;
		};
/* End XCBuildConfiguration section */

/* Begin XCConfigurationList section */
		5776C7AF299EA3FA00F6E989 /* Build configuration list for PBXProject "Proyecto" */ = {
			isa = XCConfigurationList;
			buildConfigurations = (
				5776C7C0299EA3FD00F6E989 /* Debug */,
				5776C7C1299EA3FD00F6E989 /* Release */,
			);
			defaultConfigurationIsVisible = 0;
			defaultConfigurationName = Release;
		};
		5776C7C2299EA3FD00F6E989 /* Build configuration list for PBXNativeTarget "Proyecto" */ = {
			isa = XCConfigurationList;
			buildConfigurations = (
				5776C7C3299EA3FD00F6E989 /* Debug */,
				5776C7C4299EA3FD00F6E989 /* Release */,
			);
			defaultConfigurationIsVisible = 0;
			defaultConfigurationName = Release;
		};
/* End XCConfigurationList section */

/* Begin XCRemoteSwiftPackageReference section */
		5735D3F129B28AC600922161 /* XCRemoteSwiftPackageReference "firebase-ios-sdk" */ = {
			isa = XCRemoteSwiftPackageReference;
			repositoryURL = "https://github.com/firebase/firebase-ios-sdk";
			requirement = {
				kind = upToNextMajorVersion;
				minimumVersion = 9.0.0;
			};
		};
/* End XCRemoteSwiftPackageReference section */

/* Begin XCSwiftPackageProductDependency section */
		5735D3F229B28AC600922161 /* FirebaseAuth */ = {
			isa = XCSwiftPackageProductDependency;
			package = 5735D3F129B28AC600922161 /* XCRemoteSwiftPackageReference "firebase-ios-sdk" */;
			productName = FirebaseAuth;
		};
		5735D3F429B28AC600922161 /* FirebaseFirestore */ = {
			isa = XCSwiftPackageProductDependency;
			package = 5735D3F129B28AC600922161 /* XCRemoteSwiftPackageReference "firebase-ios-sdk" */;
			productName = FirebaseFirestore;
		};
/* End XCSwiftPackageProductDependency section */
	};
	rootObject = 5776C7AC299EA3FA00F6E989 /* Project object */;
}
